// !$*UTF8*$!
{
	archiveVersion = 1;
	classes = {
	};
	objectVersion = 46;
	objects = {

/* Begin PBXBuildFile section */
		9E5F805B1BC3730500BFD1D7 /* edk.framework in Frameworks */ = {isa = PBXBuildFile; fileRef = 9E5F805A1BC3730500BFD1D7 /* edk.framework */; };
		9E5F805C1BC3730500BFD1D7 /* edk.framework in Embed Frameworks */ = {isa = PBXBuildFile; fileRef = 9E5F805A1BC3730500BFD1D7 /* edk.framework */; settings = {ATTRIBUTES = (CodeSignOnCopy, RemoveHeadersOnCopy, ); }; };
		9EC9E8491AE8A37700987851 /* AppDelegate.m in Sources */ = {isa = PBXBuildFile; fileRef = 9EC9E8481AE8A37700987851 /* AppDelegate.m */; };
		9EC9E84B1AE8A37700987851 /* main.m in Sources */ = {isa = PBXBuildFile; fileRef = 9EC9E84A1AE8A37700987851 /* main.m */; };
		9EC9E84E1AE8A37700987851 /* ViewController.mm in Sources */ = {isa = PBXBuildFile; fileRef = 9EC9E84D1AE8A37700987851 /* ViewController.mm */; };
		9EC9E8501AE8A37700987851 /* Images.xcassets in Resources */ = {isa = PBXBuildFile; fileRef = 9EC9E84F1AE8A37700987851 /* Images.xcassets */; };
		9EC9E8531AE8A37700987851 /* Main.storyboard in Resources */ = {isa = PBXBuildFile; fileRef = 9EC9E8511AE8A37700987851 /* Main.storyboard */; };
		9EC9E8701AE8A4A600987851 /* EngineWidget.mm in Sources */ = {isa = PBXBuildFile; fileRef = 9EC9E86F1AE8A4A600987851 /* EngineWidget.mm */; };
/* End PBXBuildFile section */

/* Begin PBXCopyFilesBuildPhase section */
		9E4C35851B4F8DED0021D13A /* Embed Frameworks */ = {
			isa = PBXCopyFilesBuildPhase;
			buildActionMask = 12;
			dstPath = "";
			dstSubfolderSpec = 10;
			files = (
				9E5F805C1BC3730500BFD1D7 /* edk.framework in Embed Frameworks */,
			);
			name = "Embed Frameworks";
			runOnlyForDeploymentPostprocessing = 0;
		};
/* End PBXCopyFilesBuildPhase section */

/* Begin PBXFileReference section */
		9E5F805A1BC3730500BFD1D7 /* edk.framework */ = {isa = PBXFileReference; lastKnownFileType = wrapper.framework; name = edk.framework; path = ../../../../lib/Mac/edk.framework; sourceTree = "<group>"; };
		9EC9E8421AE8A37700987851 /* FacialExpression.app */ = {isa = PBXFileReference; explicitFileType = wrapper.application; includeInIndex = 0; path = FacialExpression.app; sourceTree = BUILT_PRODUCTS_DIR; };
		9EC9E8461AE8A37700987851 /* Info.plist */ = {isa = PBXFileReference; lastKnownFileType = text.plist.xml; path = Info.plist; sourceTree = "<group>"; };
		9EC9E8471AE8A37700987851 /* AppDelegate.h */ = {isa = PBXFileReference; lastKnownFileType = sourcecode.c.h; path = AppDelegate.h; sourceTree = "<group>"; };
		9EC9E8481AE8A37700987851 /* AppDelegate.m */ = {isa = PBXFileReference; lastKnownFileType = sourcecode.c.objc; path = AppDelegate.m; sourceTree = "<group>"; };
		9EC9E84A1AE8A37700987851 /* main.m */ = {isa = PBXFileReference; lastKnownFileType = sourcecode.c.objc; path = main.m; sourceTree = "<group>"; };
		9EC9E84C1AE8A37700987851 /* ViewController.h */ = {isa = PBXFileReference; lastKnownFileType = sourcecode.c.h; path = ViewController.h; sourceTree = "<group>"; };
		9EC9E84D1AE8A37700987851 /* ViewController.mm */ = {isa = PBXFileReference; lastKnownFileType = sourcecode.cpp.objcpp; path = ViewController.mm; sourceTree = "<group>"; };
		9EC9E84F1AE8A37700987851 /* Images.xcassets */ = {isa = PBXFileReference; lastKnownFileType = folder.assetcatalog; path = Images.xcassets; sourceTree = "<group>"; };
		9EC9E8521AE8A37700987851 /* Base */ = {isa = PBXFileReference; lastKnownFileType = file.storyboard; name = Base; path = Base.lproj/Main.storyboard; sourceTree = "<group>"; };
		9EC9E86E1AE8A4A600987851 /* EngineWidget.h */ = {isa = PBXFileReference; fileEncoding = 4; lastKnownFileType = sourcecode.c.h; path = EngineWidget.h; sourceTree = "<group>"; };
		9EC9E86F1AE8A4A600987851 /* EngineWidget.mm */ = {isa = PBXFileReference; fileEncoding = 4; lastKnownFileType = sourcecode.cpp.objcpp; path = EngineWidget.mm; sourceTree = "<group>"; };
/* End PBXFileReference section */

/* Begin PBXFrameworksBuildPhase section */
		9EC9E83F1AE8A37700987851 /* Frameworks */ = {
			isa = PBXFrameworksBuildPhase;
			buildActionMask = 2147483647;
			files = (
				9E5F805B1BC3730500BFD1D7 /* edk.framework in Frameworks */,
			);
			runOnlyForDeploymentPostprocessing = 0;
		};
/* End PBXFrameworksBuildPhase section */

/* Begin PBXGroup section */
		9EC9E8391AE8A37700987851 = {
			isa = PBXGroup;
			children = (
				9E5F805A1BC3730500BFD1D7 /* edk.framework */,
				9EC9E8441AE8A37700987851 /* FacialExpression */,
				9EC9E8431AE8A37700987851 /* Products */,
			);
			sourceTree = "<group>";
		};
		9EC9E8431AE8A37700987851 /* Products */ = {
			isa = PBXGroup;
			children = (
				9EC9E8421AE8A37700987851 /* FacialExpression.app */,
			);
			name = Products;
			sourceTree = "<group>";
		};
		9EC9E8441AE8A37700987851 /* FacialExpression */ = {
			isa = PBXGroup;
			children = (
				9EC9E8471AE8A37700987851 /* AppDelegate.h */,
				9EC9E8481AE8A37700987851 /* AppDelegate.m */,
				9EC9E84C1AE8A37700987851 /* ViewController.h */,
				9EC9E84D1AE8A37700987851 /* ViewController.mm */,
				9EC9E86E1AE8A4A600987851 /* EngineWidget.h */,
				9EC9E86F1AE8A4A600987851 /* EngineWidget.mm */,
				9EC9E84F1AE8A37700987851 /* Images.xcassets */,
				9EC9E8511AE8A37700987851 /* Main.storyboard */,
				9EC9E8451AE8A37700987851 /* Supporting Files */,
			);
			path = FacialExpression;
			sourceTree = "<group>";
		};
		9EC9E8451AE8A37700987851 /* Supporting Files */ = {
			isa = PBXGroup;
			children = (
				9EC9E8461AE8A37700987851 /* Info.plist */,
				9EC9E84A1AE8A37700987851 /* main.m */,
			);
			name = "Supporting Files";
			sourceTree = "<group>";
		};
/* End PBXGroup section */

/* Begin PBXNativeTarget section */
		9EC9E8411AE8A37700987851 /* FacialExpression */ = {
			isa = PBXNativeTarget;
			buildConfigurationList = 9EC9E8621AE8A37700987851 /* Build configuration list for PBXNativeTarget "FacialExpression" */;
			buildPhases = (
				9EC9E83E1AE8A37700987851 /* Sources */,
				9EC9E83F1AE8A37700987851 /* Frameworks */,
				9EC9E8401AE8A37700987851 /* Resources */,
				9E4C35851B4F8DED0021D13A /* Embed Frameworks */,
			);
			buildRules = (
			);
			dependencies = (
			);
			name = FacialExpression;
			productName = FacialExpression;
			productReference = 9EC9E8421AE8A37700987851 /* FacialExpression.app */;
			productType = "com.apple.product-type.application";
		};
/* End PBXNativeTarget section */

/* Begin PBXProject section */
		9EC9E83A1AE8A37700987851 /* Project object */ = {
			isa = PBXProject;
			attributes = {
				LastUpgradeCheck = 0610;
				ORGANIZATIONNAME = emotiv;
				TargetAttributes = {
					9EC9E8411AE8A37700987851 = {
						CreatedOnToolsVersion = 6.1.1;
					};
				};
			};
			buildConfigurationList = 9EC9E83D1AE8A37700987851 /* Build configuration list for PBXProject "FacialExpression" */;
			compatibilityVersion = "Xcode 3.2";
			developmentRegion = English;
			hasScannedForEncodings = 0;
			knownRegions = (
				en,
				Base,
			);
			mainGroup = 9EC9E8391AE8A37700987851;
			productRefGroup = 9EC9E8431AE8A37700987851 /* Products */;
			projectDirPath = "";
			projectRoot = "";
			targets = (
				9EC9E8411AE8A37700987851 /* FacialExpression */,
			);
		};
/* End PBXProject section */

/* Begin PBXResourcesBuildPhase section */
		9EC9E8401AE8A37700987851 /* Resources */ = {
			isa = PBXResourcesBuildPhase;
			buildActionMask = 2147483647;
			files = (
				9EC9E8501AE8A37700987851 /* Images.xcassets in Resources */,
				9EC9E8531AE8A37700987851 /* Main.storyboard in Resources */,
			);
			runOnlyForDeploymentPostprocessing = 0;
		};
/* End PBXResourcesBuildPhase section */

/* Begin PBXSourcesBuildPhase section */
		9EC9E83E1AE8A37700987851 /* Sources */ = {
			isa = PBXSourcesBuildPhase;
			buildActionMask = 2147483647;
			files = (
				9EC9E84E1AE8A37700987851 /* ViewController.mm in Sources */,
				9EC9E84B1AE8A37700987851 /* main.m in Sources */,
				9EC9E8701AE8A4A600987851 /* EngineWidget.mm in Sources */,
				9EC9E8491AE8A37700987851 /* AppDelegate.m in Sources */,
			);
			runOnlyForDeploymentPostprocessing = 0;
		};
/* End PBXSourcesBuildPhase section */

/* Begin PBXVariantGroup section */
		9EC9E8511AE8A37700987851 /* Main.storyboard */ = {
			isa = PBXVariantGroup;
			children = (
				9EC9E8521AE8A37700987851 /* Base */,
			);
			name = Main.storyboard;
			sourceTree = "<group>";
		};
/* End PBXVariantGroup section */

/* Begin XCBuildConfiguration section */
		9EC9E8601AE8A37700987851 /* Debug */ = {
			isa = XCBuildConfiguration;
			buildSettings = {
				ALWAYS_SEARCH_USER_PATHS = NO;
				CLANG_CXX_LANGUAGE_STANDARD = "gnu++0x";
				CLANG_CXX_LIBRARY = "libc++";
				CLANG_ENABLE_MODULES = YES;
				CLANG_ENABLE_OBJC_ARC = YES;
				CLANG_WARN_BOOL_CONVERSION = YES;
				CLANG_WARN_CONSTANT_CONVERSION = YES;
				CLANG_WARN_DIRECT_OBJC_ISA_USAGE = YES_ERROR;
				CLANG_WARN_EMPTY_BODY = YES;
				CLANG_WARN_ENUM_CONVERSION = YES;
				CLANG_WARN_INT_CONVERSION = YES;
				CLANG_WARN_OBJC_ROOT_CLASS = YES_ERROR;
				CLANG_WARN_UNREACHABLE_CODE = YES;
				CLANG_WARN__DUPLICATE_METHOD_MATCH = YES;
				CODE_SIGN_IDENTITY = "-";
				COPY_PHASE_STRIP = NO;
				ENABLE_STRICT_OBJC_MSGSEND = YES;
				GCC_C_LANGUAGE_STANDARD = gnu99;
				GCC_DYNAMIC_NO_PIC = NO;
				GCC_OPTIMIZATION_LEVEL = 0;
				GCC_PREPROCESSOR_DEFINITIONS = (
					"DEBUG=1",
					"$(inherited)",
				);
				GCC_SYMBOLS_PRIVATE_EXTERN = NO;
				GCC_WARN_64_TO_32_BIT_CONVERSION = YES;
				GCC_WARN_ABOUT_RETURN_TYPE = YES_ERROR;
				GCC_WARN_UNDECLARED_SELECTOR = YES;
				GCC_WARN_UNINITIALIZED_AUTOS = YES_AGGRESSIVE;
				GCC_WARN_UNUSED_FUNCTION = YES;
				GCC_WARN_UNUSED_VARIABLE = YES;
				MACOSX_DEPLOYMENT_TARGET = 10.10;
				MTL_ENABLE_DEBUG_INFO = YES;
				ONLY_ACTIVE_ARCH = YES;
				SDKROOT = macosx;
			};
			name = Debug;
		};
		9EC9E8611AE8A37700987851 /* Release */ = {
			isa = XCBuildConfiguration;
			buildSettings = {
				ALWAYS_SEARCH_USER_PATHS = NO;
				CLANG_CXX_LANGUAGE_STANDARD = "gnu++0x";
				CLANG_CXX_LIBRARY = "libc++";
				CLANG_ENABLE_MODULES = YES;
				CLANG_ENABLE_OBJC_ARC = YES;
				CLANG_WARN_BOOL_CONVERSION = YES;
				CLANG_WARN_CONSTANT_CONVERSION = YES;
				CLANG_WARN_DIRECT_OBJC_ISA_USAGE = YES_ERROR;
				CLANG_WARN_EMPTY_BODY = YES;
				CLANG_WARN_ENUM_CONVERSION = YES;
				CLANG_WARN_INT_CONVERSION = YES;
				CLANG_WARN_OBJC_ROOT_CLASS = YES_ERROR;
				CLANG_WARN_UNREACHABLE_CODE = YES;
				CLANG_WARN__DUPLICATE_METHOD_MATCH = YES;
				CODE_SIGN_IDENTITY = "-";
				COPY_PHASE_STRIP = YES;
				DEBUG_INFORMATION_FORMAT = "dwarf-with-dsym";
				ENABLE_NS_ASSERTIONS = NO;
				ENABLE_STRICT_OBJC_MSGSEND = YES;
				GCC_C_LANGUAGE_STANDARD = gnu99;
				GCC_WARN_64_TO_32_BIT_CONVERSION = YES;
				GCC_WARN_ABOUT_RETURN_TYPE = YES_ERROR;
				GCC_WARN_UNDECLARED_SELECTOR = YES;
				GCC_WARN_UNINITIALIZED_AUTOS = YES_AGGRESSIVE;
				GCC_WARN_UNUSED_FUNCTION = YES;
				GCC_WARN_UNUSED_VARIABLE = YES;
				MACOSX_DEPLOYMENT_TARGET = 10.10;
				MTL_ENABLE_DEBUG_INFO = NO;
				SDKROOT = macosx;
			};
			name = Release;
		};
		9EC9E8631AE8A37700987851 /* Debug */ = {
			isa = XCBuildConfiguration;
			buildSettings = {
				ASSETCATALOG_COMPILER_APPICON_NAME = AppIcon;
				CODE_SIGN_IDENTITY = "";
				COMBINE_HIDPI_IMAGES = YES;
				FRAMEWORK_SEARCH_PATHS = (
					"$(inherited)",
					../../../../lib/Mac,
				);
				INFOPLIST_FILE = FacialExpression/Info.plist;
				LD_RUNPATH_SEARCH_PATHS = "$(inherited) @executable_path/../Frameworks";
				PRODUCT_NAME = "$(TARGET_NAME)";
			};
			name = Debug;
		};
		9EC9E8641AE8A37700987851 /* Release */ = {
			isa = XCBuildConfiguration;
			buildSettings = {
				ASSETCATALOG_COMPILER_APPICON_NAME = AppIcon;
				CODE_SIGN_IDENTITY = "";
				COMBINE_HIDPI_IMAGES = YES;
				FRAMEWORK_SEARCH_PATHS = (
					"$(inherited)",
					../../../../lib/Mac,
				);
				INFOPLIST_FILE = FacialExpression/Info.plist;
				LD_RUNPATH_SEARCH_PATHS = "$(inherited) @executable_path/../Frameworks";
				PRODUCT_NAME = "$(TARGET_NAME)";
			};
			name = Release;
		};
/* End XCBuildConfiguration section */

/* Begin XCConfigurationList section */
		9EC9E83D1AE8A37700987851 /* Build configuration list for PBXProject "FacialExpression" */ = {
			isa = XCConfigurationList;
			buildConfigurations = (
				9EC9E8601AE8A37700987851 /* Debug */,
				9EC9E8611AE8A37700987851 /* Release */,
			);
			defaultConfigurationIsVisible = 0;
			defaultConfigurationName = Release;
		};
		9EC9E8621AE8A37700987851 /* Build configuration list for PBXNativeTarget "FacialExpression" */ = {
			isa = XCConfigurationList;
			buildConfigurations = (
				9EC9E8631AE8A37700987851 /* Debug */,
				9EC9E8641AE8A37700987851 /* Release */,
			);
			defaultConfigurationIsVisible = 0;
			defaultConfigurationName = Release;
		};
/* End XCConfigurationList section */
	};
	rootObject = 9EC9E83A1AE8A37700987851 /* Project object */;
}
