
Microsoft Visual Studio Solution File, Format Version 11.00
# Visual Studio 2010
Project("{8BC9CEB8-8B4A-11D0-8D11-00A0C91BC942}") = "EmoStateLogger", "EmoStateLogger\EmoStateLogger.vcxproj", "{5EF7DF22-CF68-47C3-8A79-4D49561F54F8}"
EndProject
Project("{8BC9CEB8-8B4A-11D0-8D11-00A0C91BC942}") = "FacialExpressionDemo-vs2010", "FacialExpressionDemo\FacialExpressionDemo-vs2010.vcxproj", "{70A22167-F409-40DB-862A-6D4D3D75F799}"
EndProject
Project("{8BC9CEB8-8B4A-11D0-8D11-00A0C91BC942}") = "GyroData-vs2010", "GyroData\GyroData-vs2010.vcxproj", "{5411287C-7369-491F-81DD-9E7C42B79687}"
EndProject
Project("{8BC9CEB8-8B4A-11D0-8D11-00A0C91BC942}") = "MentalCommandDemo-vs2010", "MentalCommandDemo\MentalCommandDemo-vs2010.vcxproj", "{F9B9B5CB-ECBD-4828-AF2B-76F760BED43F}"
EndProject
Project("{8BC9CEB8-8B4A-11D0-8D11-00A0C91BC942}") = "MultiDongleConnection-vs2010", "MultiDongleConnection\MultiDongleConnection-vs2010.vcxproj", "{EB30969B-5A96-4415-832E-FC61D0E1F092}"
EndProject
Project("{8BC9CEB8-8B4A-11D0-8D11-00A0C91BC942}") = "MotionDataLogger", "MotionDataLogger\MotionDataLogger.vcxproj", "{553701F4-926B-42B7-BCC1-D3637B5AC13B}"
EndProject
Project("{8BC9CEB8-8B4A-11D0-8D11-00A0C91BC942}") = "HeadsetInformationLogger", "HeadsetInformationLogger\HeadsetInformationLogger.vcxproj", "{527E75B5-1E28-4D5C-BB2F-4CFCD09E4F47}"
EndProject
Global
	GlobalSection(SolutionConfigurationPlatforms) = preSolution
		Debug|Win32 = Debug|Win32
		Debug|x64 = Debug|x64
		Release|Win32 = Release|Win32
		Release|x64 = Release|x64
	EndGlobalSection
	GlobalSection(ProjectConfigurationPlatforms) = postSolution
		{5EF7DF22-CF68-47C3-8A79-4D49561F54F8}.Debug|Win32.ActiveCfg = Debug|Win32
		{5EF7DF22-CF68-47C3-8A79-4D49561F54F8}.Debug|Win32.Build.0 = Debug|Win32
		{5EF7DF22-CF68-47C3-8A79-4D49561F54F8}.Debug|x64.ActiveCfg = Debug|x64
		{5EF7DF22-CF68-47C3-8A79-4D49561F54F8}.Debug|x64.Build.0 = Debug|x64
		{5EF7DF22-CF68-47C3-8A79-4D49561F54F8}.Release|Win32.ActiveCfg = Release|Win32
		{5EF7DF22-CF68-47C3-8A79-4D49561F54F8}.Release|Win32.Build.0 = Release|Win32
		{5EF7DF22-CF68-47C3-8A79-4D49561F54F8}.Release|x64.ActiveCfg = Release|Win32
		{70A22167-F409-40DB-862A-6D4D3D75F799}.Debug|Win32.ActiveCfg = Debug|Win32
		{70A22167-F409-40DB-862A-6D4D3D75F799}.Debug|Win32.Build.0 = Debug|Win32
		{70A22167-F409-40DB-862A-6D4D3D75F799}.Debug|x64.ActiveCfg = Debug|x64
		{70A22167-F409-40DB-862A-6D4D3D75F799}.Debug|x64.Build.0 = Debug|x64
		{70A22167-F409-40DB-862A-6D4D3D75F799}.Release|Win32.ActiveCfg = Release|Win32
		{70A22167-F409-40DB-862A-6D4D3D75F799}.Release|Win32.Build.0 = Release|Win32
		{70A22167-F409-40DB-862A-6D4D3D75F799}.Release|x64.ActiveCfg = Release|x64
		{70A22167-F409-40DB-862A-6D4D3D75F799}.Release|x64.Build.0 = Release|x64
		{5411287C-7369-491F-81DD-9E7C42B79687}.Debug|Win32.ActiveCfg = Debug|Win32
		{5411287C-7369-491F-81DD-9E7C42B79687}.Debug|Win32.Build.0 = Debug|Win32
		{5411287C-7369-491F-81DD-9E7C42B79687}.Debug|x64.ActiveCfg = Debug|x64
		{5411287C-7369-491F-81DD-9E7C42B79687}.Debug|x64.Build.0 = Debug|x64
		{5411287C-7369-491F-81DD-9E7C42B79687}.Release|Win32.ActiveCfg = Release|Win32
		{5411287C-7369-491F-81DD-9E7C42B79687}.Release|Win32.Build.0 = Release|Win32
		{5411287C-7369-491F-81DD-9E7C42B79687}.Release|x64.ActiveCfg = Release|x64
		{5411287C-7369-491F-81DD-9E7C42B79687}.Release|x64.Build.0 = Release|x64
		{F9B9B5CB-ECBD-4828-AF2B-76F760BED43F}.Debug|Win32.ActiveCfg = Debug|Win32
		{F9B9B5CB-ECBD-4828-AF2B-76F760BED43F}.Debug|Win32.Build.0 = Debug|Win32
		{F9B9B5CB-ECBD-4828-AF2B-76F760BED43F}.Debug|x64.ActiveCfg = Debug|x64
		{F9B9B5CB-ECBD-4828-AF2B-76F760BED43F}.Debug|x64.Build.0 = Debug|x64
		{F9B9B5CB-ECBD-4828-AF2B-76F760BED43F}.Release|Win32.ActiveCfg = Release|Win32
		{F9B9B5CB-ECBD-4828-AF2B-76F760BED43F}.Release|Win32.Build.0 = Release|Win32
		{F9B9B5CB-ECBD-4828-AF2B-76F760BED43F}.Release|x64.ActiveCfg = Release|x64
		{F9B9B5CB-ECBD-4828-AF2B-76F760BED43F}.Release|x64.Build.0 = Release|x64
		{EB30969B-5A96-4415-832E-FC61D0E1F092}.Debug|Win32.ActiveCfg = Debug|Win32
		{EB30969B-5A96-4415-832E-FC61D0E1F092}.Debug|Win32.Build.0 = Debug|Win32
		{EB30969B-5A96-4415-832E-FC61D0E1F092}.Debug|x64.ActiveCfg = Debug|x64
		{EB30969B-5A96-4415-832E-FC61D0E1F092}.Debug|x64.Build.0 = Debug|x64
		{EB30969B-5A96-4415-832E-FC61D0E1F092}.Release|Win32.ActiveCfg = Release|Win32
		{EB30969B-5A96-4415-832E-FC61D0E1F092}.Release|Win32.Build.0 = Release|Win32
		{EB30969B-5A96-4415-832E-FC61D0E1F092}.Release|x64.ActiveCfg = Release|x64
		{EB30969B-5A96-4415-832E-FC61D0E1F092}.Release|x64.Build.0 = Release|x64
		{553701F4-926B-42B7-BCC1-D3637B5AC13B}.Debug|Win32.ActiveCfg = Debug|Win32
		{553701F4-926B-42B7-BCC1-D3637B5AC13B}.Debug|Win32.Build.0 = Debug|Win32
		{553701F4-926B-42B7-BCC1-D3637B5AC13B}.Debug|x64.ActiveCfg = Debug|x64
		{553701F4-926B-42B7-BCC1-D3637B5AC13B}.Debug|x64.Build.0 = Debug|x64
		{553701F4-926B-42B7-BCC1-D3637B5AC13B}.Release|Win32.ActiveCfg = Release|Win32
		{553701F4-926B-42B7-BCC1-D3637B5AC13B}.Release|Win32.Build.0 = Release|Win32
		{553701F4-926B-42B7-BCC1-D3637B5AC13B}.Release|x64.ActiveCfg = Release|Win32
		{527E75B5-1E28-4D5C-BB2F-4CFCD09E4F47}.Debug|Win32.ActiveCfg = Debug|Win32
		{527E75B5-1E28-4D5C-BB2F-4CFCD09E4F47}.Debug|Win32.Build.0 = Debug|Win32
		{527E75B5-1E28-4D5C-BB2F-4CFCD09E4F47}.Debug|x64.ActiveCfg = Debug|x64
		{527E75B5-1E28-4D5C-BB2F-4CFCD09E4F47}.Debug|x64.Build.0 = Debug|x64
		{527E75B5-1E28-4D5C-BB2F-4CFCD09E4F47}.Release|Win32.ActiveCfg = Release|Win32
		{527E75B5-1E28-4D5C-BB2F-4CFCD09E4F47}.Release|Win32.Build.0 = Release|Win32
		{527E75B5-1E28-4D5C-BB2F-4CFCD09E4F47}.Release|x64.ActiveCfg = Release|x64
		{527E75B5-1E28-4D5C-BB2F-4CFCD09E4F47}.Release|x64.Build.0 = Release|x64
	EndGlobalSection
	GlobalSection(SolutionProperties) = preSolution
		HideSolutionNode = FALSE
	EndGlobalSection
EndGlobal
